
Microsoft Visual Studio Solution File, Format Version 12.00
# Visual Studio Version 17
VisualStudioVersion = 17.2.32602.215
MinimumVisualStudioVersion = 10.0.40219.1
Project("{FAE04EC0-301F-11D3-BF4B-00C04F79EFBC}") = "Class09Notes", "Class09Notes\Class09Notes.csproj", "{03261417-94AB-461F-95F3-96F9D9E9DD78}"
EndProject
Global
	GlobalSection(SolutionConfigurationPlatforms) = preSolution
		Debug|Any CPU = Debug|Any CPU
		Release|Any CPU = Release|Any CPU
	EndGlobalSection
	GlobalSection(ProjectConfigurationPlatforms) = postSolution
		{03261417-94AB-461F-95F3-96F9D9E9DD78}.Debug|Any CPU.ActiveCfg = Debug|Any CPU
		{03261417-94AB-461F-95F3-96F9D9E9DD78}.Debug|Any CPU.Build.0 = Debug|Any CPU
		{03261417-94AB-461F-95F3-96F9D9E9DD78}.Release|Any CPU.ActiveCfg = Release|Any CPU
		{03261417-94AB-461F-95F3-96F9D9E9DD78}.Release|Any CPU.Build.0 = Release|Any CPU
	EndGlobalSection
	GlobalSection(SolutionProperties) = preSolution
		HideSolutionNode = FALSE
	EndGlobalSection
	GlobalSection(ExtensibilityGlobals) = postSolution
		SolutionGuid = {C01CD328-CA73-4908-8847-7D255FBBB44B}
	EndGlobalSection
EndGlobal
